// !$*UTF8*$!
{
	archiveVersion = 1;
	classes = {
	};
	objectVersion = 46;
	objects = {

/* Begin PBXBuildFile section */
		EBAD19AE203087BC00E5B605 /* AppDelegate.swift in Sources */ = {isa = PBXBuildFile; fileRef = EBAD19AD203087BC00E5B605 /* AppDelegate.swift */; };
		EBAD19B0203087BC00E5B605 /* ViewController.swift in Sources */ = {isa = PBXBuildFile; fileRef = EBAD19AF203087BC00E5B605 /* ViewController.swift */; };
		EBAD19B3203087BC00E5B605 /* Main.storyboard in Resources */ = {isa = PBXBuildFile; fileRef = EBAD19B1203087BC00E5B605 /* Main.storyboard */; };
		EBAD19B5203087BC00E5B605 /* Assets.xcassets in Resources */ = {isa = PBXBuildFile; fileRef = EBAD19B4203087BC00E5B605 /* Assets.xcassets */; };
		EBAD19B8203087BC00E5B605 /* LaunchScreen.storyboard in Resources */ = {isa = PBXBuildFile; fileRef = EBAD19B6203087BC00E5B605 /* LaunchScreen.storyboard */; };
/* End PBXBuildFile section */

/* Begin PBXFileReference section */
		EBAD19AA203087BC00E5B605 /* timeset.app */ = {isa = PBXFileReference; explicitFileType = wrapper.application; includeInIndex = 0; path = timeset.app; sourceTree = BUILT_PRODUCTS_DIR; };
		EBAD19AD203087BC00E5B605 /* AppDelegate.swift */ = {isa = PBXFileReference; lastKnownFileType = sourcecode.swift; path = AppDelegate.swift; sourceTree = "<group>"; };
		EBAD19AF203087BC00E5B605 /* ViewController.swift */ = {isa = PBXFileReference; lastKnownFileType = sourcecode.swift; path = ViewController.swift; sourceTree = "<group>"; };
		EBAD19B2203087BC00E5B605 /* Base */ = {isa = PBXFileReference; lastKnownFileType = file.storyboard; name = Base; path = Base.lproj/Main.storyboard; sourceTree = "<group>"; };
		EBAD19B4203087BC00E5B605 /* Assets.xcassets */ = {isa = PBXFileReference; lastKnownFileType = folder.assetcatalog; path = Assets.xcassets; sourceTree = "<group>"; };
		EBAD19B7203087BC00E5B605 /* Base */ = {isa = PBXFileReference; lastKnownFileType = file.storyboard; name = Base; path = Base.lproj/LaunchScreen.storyboard; sourceTree = "<group>"; };
		EBAD19B9203087BD00E5B605 /* Info.plist */ = {isa = PBXFileReference; lastKnownFileType = text.plist.xml; path = Info.plist; sourceTree = "<group>"; };
/* End PBXFileReference section */

/* Begin PBXFrameworksBuildPhase section */
		EBAD19A7203087BC00E5B605 /* Frameworks */ = {
			isa = PBXFrameworksBuildPhase;
			buildActionMask = 2147483647;
			files = (
			);
			runOnlyForDeploymentPostprocessing = 0;
		};
/* End PBXFrameworksBuildPhase section */

/* Begin PBXGroup section */
		EBAD19A1203087BC00E5B605 = {
			isa = PBXGroup;
			children = (
				EBAD19AC203087BC00E5B605 /* timeset */,
				EBAD19AB203087BC00E5B605 /* Products */,
			);
			sourceTree = "<group>";
		};
		EBAD19AB203087BC00E5B605 /* Products */ = {
			isa = PBXGroup;
			children = (
				EBAD19AA203087BC00E5B605 /* timeset.app */,
			);
			name = Products;
			sourceTree = "<group>";
		};
		EBAD19AC203087BC00E5B605 /* timeset */ = {
			isa = PBXGroup;
			children = (
				EBAD19AD203087BC00E5B605 /* AppDelegate.swift */,
				EBAD19AF203087BC00E5B605 /* ViewController.swift */,
				EBAD19B1203087BC00E5B605 /* Main.storyboard */,
				EBAD19B4203087BC00E5B605 /* Assets.xcassets */,
				EBAD19B6203087BC00E5B605 /* LaunchScreen.storyboard */,
				EBAD19B9203087BD00E5B605 /* Info.plist */,
			);
			path = timeset;
			sourceTree = "<group>";
		};
/* End PBXGroup section */

/* Begin PBXNativeTarget section */
		EBAD19A9203087BC00E5B605 /* timeset */ = {
			isa = PBXNativeTarget;
			buildConfigurationList = EBAD19BC203087BD00E5B605 /* Build configuration list for PBXNativeTarget "timeset" */;
			buildPhases = (
				EBAD19A6203087BC00E5B605 /* Sources */,
				EBAD19A7203087BC00E5B605 /* Frameworks */,
				EBAD19A8203087BC00E5B605 /* Resources */,
			);
			buildRules = (
			);
			dependencies = (
			);
			name = timeset;
			productName = timeset;
			productReference = EBAD19AA203087BC00E5B605 /* timeset.app */;
			productType = "com.apple.product-type.application";
		};
/* End PBXNativeTarget section */

/* Begin PBXProject section */
		EBAD19A2203087BC00E5B605 /* Project object */ = {
			isa = PBXProject;
			attributes = {
				LastSwiftUpdateCheck = 0830;
				LastUpgradeCheck = 0830;
				ORGANIZATIONNAME = owner;
				TargetAttributes = {
					EBAD19A9203087BC00E5B605 = {
						CreatedOnToolsVersion = 8.3.3;
						ProvisioningStyle = Automatic;
					};
				};
			};
			buildConfigurationList = EBAD19A5203087BC00E5B605 /* Build configuration list for PBXProject "timeset" */;
			compatibilityVersion = "Xcode 3.2";
			developmentRegion = English;
			hasScannedForEncodings = 0;
			knownRegions = (
				en,
				Base,
			);
			mainGroup = EBAD19A1203087BC00E5B605;
			productRefGroup = EBAD19AB203087BC00E5B605 /* Products */;
			projectDirPath = "";
			projectRoot = "";
			targets = (
				EBAD19A9203087BC00E5B605 /* timeset */,
			);
		};
/* End PBXProject section */

/* Begin PBXResourcesBuildPhase section */
		EBAD19A8203087BC00E5B605 /* Resources */ = {
			isa = PBXResourcesBuildPhase;
			buildActionMask = 2147483647;
			files = (
				EBAD19B8203087BC00E5B605 /* LaunchScreen.storyboard in Resources */,
				EBAD19B5203087BC00E5B605 /* Assets.xcassets in Resources */,
				EBAD19B3203087BC00E5B605 /* Main.storyboard in Resources */,
			);
			runOnlyForDeploymentPostprocessing = 0;
		};
/* End PBXResourcesBuildPhase section */

/* Begin PBXSourcesBuildPhase section */
		EBAD19A6203087BC00E5B605 /* Sources */ = {
			isa = PBXSourcesBuildPhase;
			buildActionMask = 2147483647;
			files = (
				EBAD19B0203087BC00E5B605 /* ViewController.swift in Sources */,
				EBAD19AE203087BC00E5B605 /* AppDelegate.swift in Sources */,
			);
			runOnlyForDeploymentPostprocessing = 0;
		};
/* End PBXSourcesBuildPhase section */

/* Begin PBXVariantGroup section */
		EBAD19B1203087BC00E5B605 /* Main.storyboard */ = {
			isa = PBXVariantGroup;
			children = (
				EBAD19B2203087BC00E5B605 /* Base */,
			);
			name = Main.storyboard;
			sourceTree = "<group>";
		};
		EBAD19B6203087BC00E5B605 /* LaunchScreen.storyboard */ = {
			isa = PBXVariantGroup;
			children = (
				EBAD19B7203087BC00E5B605 /* Base */,
			);
			name = LaunchScreen.storyboard;
			sourceTree = "<group>";
		};
/* End PBXVariantGroup section */

/* Begin XCBuildConfiguration section */
		EBAD19BA203087BD00E5B605 /* Debug */ = {
			isa = XCBuildConfiguration;
			buildSettings = {
				ALWAYS_SEARCH_USER_PATHS = NO;
				CLANG_ANALYZER_NONNULL = YES;
				CLANG_ANALYZER_NUMBER_OBJECT_CONVERSION = YES_AGGRESSIVE;
				CLANG_CXX_LANGUAGE_STANDARD = "gnu++0x";
				CLANG_CXX_LIBRARY = "libc++";
				CLANG_ENABLE_MODULES = YES;
				CLANG_ENABLE_OBJC_ARC = YES;
				CLANG_WARN_BOOL_CONVERSION = YES;
				CLANG_WARN_CONSTANT_CONVERSION = YES;
				CLANG_WARN_DIRECT_OBJC_ISA_USAGE = YES_ERROR;
				CLANG_WARN_DOCUMENTATION_COMMENTS = YES;
				CLANG_WARN_EMPTY_BODY = YES;
				CLANG_WARN_ENUM_CONVERSION = YES;
				CLANG_WARN_INFINITE_RECURSION = YES;
				CLANG_WARN_INT_CONVERSION = YES;
				CLANG_WARN_OBJC_ROOT_CLASS = YES_ERROR;
				CLANG_WARN_SUSPICIOUS_MOVE = YES;
				CLANG_WARN_UNREACHABLE_CODE = YES;
				CLANG_WARN__DUPLICATE_METHOD_MATCH = YES;
				"CODE_SIGN_IDENTITY[sdk=iphoneos*]" = "iPhone Developer";
				COPY_PHASE_STRIP = NO;
				DEBUG_INFORMATION_FORMAT = dwarf;
				ENABLE_STRICT_OBJC_MSGSEND = YES;
				ENABLE_TESTABILITY = YES;
				GCC_C_LANGUAGE_STANDARD = gnu99;
				GCC_DYNAMIC_NO_PIC = NO;
				GCC_NO_COMMON_BLOCKS = YES;
				GCC_OPTIMIZATION_LEVEL = 0;
				GCC_PREPROCESSOR_DEFINITIONS = (
					"DEBUG=1",
					"$(inherited)",
				);
				GCC_WARN_64_TO_32_BIT_CONVERSION = YES;
				GCC_WARN_ABOUT_RETURN_TYPE = YES_ERROR;
				GCC_WARN_UNDECLARED_SELECTOR = YES;
				GCC_WARN_UNINITIALIZED_AUTOS = YES_AGGRESSIVE;
				GCC_WARN_UNUSED_FUNCTION = YES;
				GCC_WARN_UNUSED_VARIABLE = YES;
				IPHONEOS_DEPLOYMENT_TARGET = 10.3;
				MTL_ENABLE_DEBUG_INFO = YES;
				ONLY_ACTIVE_ARCH = YES;
				SDKROOT = iphoneos;
				SWIFT_ACTIVE_COMPILATION_CONDITIONS = DEBUG;
				SWIFT_OPTIMIZATION_LEVEL = "-Onone";
			};
			name = Debug;
		};
		EBAD19BB203087BD00E5B605 /* Release */ = {
			isa = XCBuildConfiguration;
			buildSettings = {
				ALWAYS_SEARCH_USER_PATHS = NO;
				CLANG_ANALYZER_NONNULL = YES;
				CLANG_ANALYZER_NUMBER_OBJECT_CONVERSION = YES_AGGRESSIVE;
				CLANG_CXX_LANGUAGE_STANDARD = "gnu++0x";
				CLANG_CXX_LIBRARY = "libc++";
				CLANG_ENABLE_MODULES = YES;
				CLANG_ENABLE_OBJC_ARC = YES;
				CLANG_WARN_BOOL_CONVERSION = YES;
				CLANG_WARN_CONSTANT_CONVERSION = YES;
				CLANG_WARN_DIRECT_OBJC_ISA_USAGE = YES_ERROR;
				CLANG_WARN_DOCUMENTATION_COMMENTS = YES;
				CLANG_WARN_EMPTY_BODY = YES;
				CLANG_WARN_ENUM_CONVERSION = YES;
				CLANG_WARN_INFINITE_RECURSION = YES;
				CLANG_WARN_INT_CONVERSION = YES;
				CLANG_WARN_OBJC_ROOT_CLASS = YES_ERROR;
				CLANG_WARN_SUSPICIOUS_MOVE = YES;
				CLANG_WARN_UNREACHABLE_CODE = YES;
				CLANG_WARN__DUPLICATE_METHOD_MATCH = YES;
				"CODE_SIGN_IDENTITY[sdk=iphoneos*]" = "iPhone Developer";
				COPY_PHASE_STRIP = NO;
				DEBUG_INFORMATION_FORMAT = "dwarf-with-dsym";
				ENABLE_NS_ASSERTIONS = NO;
				ENABLE_STRICT_OBJC_MSGSEND = YES;
				GCC_C_LANGUAGE_STANDARD = gnu99;
				GCC_NO_COMMON_BLOCKS = YES;
				GCC_WARN_64_TO_32_BIT_CONVERSION = YES;
				GCC_WARN_ABOUT_RETURN_TYPE = YES_ERROR;
				GCC_WARN_UNDECLARED_SELECTOR = YES;
				GCC_WARN_UNINITIALIZED_AUTOS = YES_AGGRESSIVE;
				GCC_WARN_UNUSED_FUNCTION = YES;
				GCC_WARN_UNUSED_VARIABLE = YES;
				IPHONEOS_DEPLOYMENT_TARGET = 10.3;
				MTL_ENABLE_DEBUG_INFO = NO;
				SDKROOT = iphoneos;
				SWIFT_OPTIMIZATION_LEVEL = "-Owholemodule";
				VALIDATE_PRODUCT = YES;
			};
			name = Release;
		};
		EBAD19BD203087BD00E5B605 /* Debug */ = {
			isa = XCBuildConfiguration;
			buildSettings = {
				ASSETCATALOG_COMPILER_APPICON_NAME = AppIcon;
				INFOPLIST_FILE = timeset/Info.plist;
				LD_RUNPATH_SEARCH_PATHS = "$(inherited) @executable_path/Frameworks";
				PRODUCT_BUNDLE_IDENTIFIER = jp.techacademy.yuuka.katsushima.timeset;
				PRODUCT_NAME = "$(TARGET_NAME)";
				SWIFT_VERSION = 3.0;
			};
			name = Debug;
		};
		EBAD19BE203087BD00E5B605 /* Release */ = {
			isa = XCBuildConfiguration;
			buildSettings = {
				ASSETCATALOG_COMPILER_APPICON_NAME = AppIcon;
				INFOPLIST_FILE = timeset/Info.plist;
				LD_RUNPATH_SEARCH_PATHS = "$(inherited) @executable_path/Frameworks";
				PRODUCT_BUNDLE_IDENTIFIER = jp.techacademy.yuuka.katsushima.timeset;
				PRODUCT_NAME = "$(TARGET_NAME)";
				SWIFT_VERSION = 3.0;
			};
			name = Release;
		};
/* End XCBuildConfiguration section */

/* Begin XCConfigurationList section */
		EBAD19A5203087BC00E5B605 /* Build configuration list for PBXProject "timeset" */ = {
			isa = XCConfigurationList;
			buildConfigurations = (
				EBAD19BA203087BD00E5B605 /* Debug */,
				EBAD19BB203087BD00E5B605 /* Release */,
			);
			defaultConfigurationIsVisible = 0;
			defaultConfigurationName = Release;
		};
		EBAD19BC203087BD00E5B605 /* Build configuration list for PBXNativeTarget "timeset" */ = {
			isa = XCConfigurationList;
			buildConfigurations = (
				EBAD19BD203087BD00E5B605 /* Debug */,
				EBAD19BE203087BD00E5B605 /* Release */,
			);
			defaultConfigurationIsVisible = 0;
		};
/* End XCConfigurationList section */
	};
	rootObject = EBAD19A2203087BC00E5B605 /* Project object */;
}
